
Microsoft Visual Studio Solution File, Format Version 12.00
# Visual Studio 14
VisualStudioVersion = 14.0.25123.0
MinimumVisualStudioVersion = 10.0.40219.1
Project("{2150E333-8FDC-42A3-9474-1A3956D46DE8}") = "Source", "Source", "{63FDD7E0-ED6A-4458-BA9C-CE7F0AD2B32B}"
EndProject
Project("{FAE04EC0-301F-11D3-BF4B-00C04F79EFBC}") = "UniversityIot.VitocontrolApi", "Source\UniversityIot.VitocontrolApi\UniversityIot.VitocontrolApi.csproj", "{2A46EBD2-485C-48D0-8A91-860761F5549C}"
EndProject
Project("{2150E333-8FDC-42A3-9474-1A3956D46DE8}") = "Tests", "Tests", "{32071F84-A1CD-4E6D-AB5E-41F061F5682E}"
EndProject
Project("{FAE04EC0-301F-11D3-BF4B-00C04F79EFBC}") = "UniversityIot.VitocontrolApi.Tests", "Source\UniversityIot.VitocontrolApi.Tests\UniversityIot.VitocontrolApi.Tests.csproj", "{C3908FF6-8AE8-4E9C-ABA2-A6E734C34F4E}"
EndProject
Global
	GlobalSection(SolutionConfigurationPlatforms) = preSolution
		Debug|Any CPU = Debug|Any CPU
		Production|Any CPU = Production|Any CPU
		Release|Any CPU = Release|Any CPU
		Staging|Any CPU = Staging|Any CPU
	EndGlobalSection
	GlobalSection(ProjectConfigurationPlatforms) = postSolution
		{2A46EBD2-485C-48D0-8A91-860761F5549C}.Debug|Any CPU.ActiveCfg = Debug|Any CPU
		{2A46EBD2-485C-48D0-8A91-860761F5549C}.Debug|Any CPU.Build.0 = Debug|Any CPU
		{2A46EBD2-485C-48D0-8A91-860761F5549C}.Production|Any CPU.ActiveCfg = Production|Any CPU
		{2A46EBD2-485C-48D0-8A91-860761F5549C}.Production|Any CPU.Build.0 = Production|Any CPU
		{2A46EBD2-485C-48D0-8A91-860761F5549C}.Release|Any CPU.ActiveCfg = Production|Any CPU
		{2A46EBD2-485C-48D0-8A91-860761F5549C}.Release|Any CPU.Build.0 = Production|Any CPU
		{2A46EBD2-485C-48D0-8A91-860761F5549C}.Staging|Any CPU.ActiveCfg = Debug|Any CPU
		{2A46EBD2-485C-48D0-8A91-860761F5549C}.Staging|Any CPU.Build.0 = Debug|Any CPU
		{C3908FF6-8AE8-4E9C-ABA2-A6E734C34F4E}.Debug|Any CPU.ActiveCfg = Debug|Any CPU
		{C3908FF6-8AE8-4E9C-ABA2-A6E734C34F4E}.Debug|Any CPU.Build.0 = Debug|Any CPU
		{C3908FF6-8AE8-4E9C-ABA2-A6E734C34F4E}.Production|Any CPU.ActiveCfg = Production|Any CPU
		{C3908FF6-8AE8-4E9C-ABA2-A6E734C34F4E}.Production|Any CPU.Build.0 = Production|Any CPU
		{C3908FF6-8AE8-4E9C-ABA2-A6E734C34F4E}.Release|Any CPU.ActiveCfg = Production|Any CPU
		{C3908FF6-8AE8-4E9C-ABA2-A6E734C34F4E}.Release|Any CPU.Build.0 = Production|Any CPU
		{C3908FF6-8AE8-4E9C-ABA2-A6E734C34F4E}.Staging|Any CPU.ActiveCfg = Staging|Any CPU
		{C3908FF6-8AE8-4E9C-ABA2-A6E734C34F4E}.Staging|Any CPU.Build.0 = Staging|Any CPU
	EndGlobalSection
	GlobalSection(SolutionProperties) = preSolution
		HideSolutionNode = FALSE
	EndGlobalSection
	GlobalSection(NestedProjects) = preSolution
		{C3908FF6-8AE8-4E9C-ABA2-A6E734C34F4E} = {32071F84-A1CD-4E6D-AB5E-41F061F5682E}
	EndGlobalSection
EndGlobal
